
Microsoft Visual Studio Solution File, Format Version 12.00
# Visual Studio 2012
Project("{FAE04EC0-301F-11D3-BF4B-00C04F79EFBC}") = "HomelyApp", "HomelyApp\HomelyApp.csproj", "{F758B2E0-E9FA-46E9-B9CE-A7572CEFA97B}"
EndProject
Global
	GlobalSection(SolutionConfigurationPlatforms) = preSolution
		Debug|Any CPU = Debug|Any CPU
		Release|Any CPU = Release|Any CPU
	EndGlobalSection
	GlobalSection(ProjectConfigurationPlatforms) = postSolution
		{F758B2E0-E9FA-46E9-B9CE-A7572CEFA97B}.Debug|Any CPU.ActiveCfg = Debug|Any CPU
		{F758B2E0-E9FA-46E9-B9CE-A7572CEFA97B}.Debug|Any CPU.Build.0 = Debug|Any CPU
		{F758B2E0-E9FA-46E9-B9CE-A7572CEFA97B}.Release|Any CPU.ActiveCfg = Release|Any CPU
		{F758B2E0-E9FA-46E9-B9CE-A7572CEFA97B}.Release|Any CPU.Build.0 = Release|Any CPU
	EndGlobalSection
	GlobalSection(SolutionProperties) = preSolution
		HideSolutionNode = FALSE
	EndGlobalSection
EndGlobal
